{
  "requires": true,
  "lockfileVersion": 1,
  "dependencies": {
    "three-dots": {
      "version": "0.2.0",
      "resolved": "https://registry.npmjs.org/three-dots/-/three-dots-0.2.0.tgz",
      "integrity": "sha512-UIbDvl8F1qjoBigeEjcl2h101Frx+CaWCJSr7xabRh6BjFUkkJU1GW2jzmt0IQP7yVAOKW9q5bMj7Tafz0pP1g=="
    }
  }
}
